
Microsoft Visual Studio Solution File, Format Version 12.00
# Visual Studio Version 16
VisualStudioVersion = 16.0.29102.190
MinimumVisualStudioVersion = 10.0.40219.1
Project("{FAE04EC0-301F-11D3-BF4B-00C04F79EFBC}") = "Interchangeable", "Interchangeable\Interchangeable.csproj", "{4E544B4F-A484-400D-ADC0-592236919A81}"
EndProject
Project("{FAE04EC0-301F-11D3-BF4B-00C04F79EFBC}") = "CustomControls", "CustomControls\CustomControls.csproj", "{EB995AE3-01D4-489E-9F5A-425A8CDCAF7A}"
EndProject
Project("{9A19103F-16F7-4668-BE54-9A1E7A4F7556}") = "A3ServerTool", "A3ServerTool\A3ServerTool.csproj", "{5C25F6CC-84C2-4CD8-8DDD-61382F28BB96}"
EndProject
Project("{FAE04EC0-301F-11D3-BF4B-00C04F79EFBC}") = "A3ServerTool.Tests", "A3ServerTool.Tests\A3ServerTool.Tests.csproj", "{A9082F23-5866-48BB-B229-5C471E5DDB4E}"
EndProject
Global
	GlobalSection(SolutionConfigurationPlatforms) = preSolution
		Debug|Any CPU = Debug|Any CPU
		Release|Any CPU = Release|Any CPU
	EndGlobalSection
	GlobalSection(ProjectConfigurationPlatforms) = postSolution
		{4E544B4F-A484-400D-ADC0-592236919A81}.Debug|Any CPU.ActiveCfg = Debug|Any CPU
		{4E544B4F-A484-400D-ADC0-592236919A81}.Debug|Any CPU.Build.0 = Debug|Any CPU
		{4E544B4F-A484-400D-ADC0-592236919A81}.Release|Any CPU.ActiveCfg = Release|Any CPU
		{4E544B4F-A484-400D-ADC0-592236919A81}.Release|Any CPU.Build.0 = Release|Any CPU
		{EB995AE3-01D4-489E-9F5A-425A8CDCAF7A}.Debug|Any CPU.ActiveCfg = Debug|Any CPU
		{EB995AE3-01D4-489E-9F5A-425A8CDCAF7A}.Debug|Any CPU.Build.0 = Debug|Any CPU
		{EB995AE3-01D4-489E-9F5A-425A8CDCAF7A}.Release|Any CPU.ActiveCfg = Release|Any CPU
		{EB995AE3-01D4-489E-9F5A-425A8CDCAF7A}.Release|Any CPU.Build.0 = Release|Any CPU
		{5C25F6CC-84C2-4CD8-8DDD-61382F28BB96}.Debug|Any CPU.ActiveCfg = Debug|Any CPU
		{5C25F6CC-84C2-4CD8-8DDD-61382F28BB96}.Debug|Any CPU.Build.0 = Debug|Any CPU
		{5C25F6CC-84C2-4CD8-8DDD-61382F28BB96}.Release|Any CPU.ActiveCfg = Release|Any CPU
		{5C25F6CC-84C2-4CD8-8DDD-61382F28BB96}.Release|Any CPU.Build.0 = Release|Any CPU
		{A9082F23-5866-48BB-B229-5C471E5DDB4E}.Debug|Any CPU.ActiveCfg = Debug|Any CPU
		{A9082F23-5866-48BB-B229-5C471E5DDB4E}.Debug|Any CPU.Build.0 = Debug|Any CPU
		{A9082F23-5866-48BB-B229-5C471E5DDB4E}.Release|Any CPU.ActiveCfg = Release|Any CPU
		{A9082F23-5866-48BB-B229-5C471E5DDB4E}.Release|Any CPU.Build.0 = Release|Any CPU
	EndGlobalSection
	GlobalSection(SolutionProperties) = preSolution
		HideSolutionNode = FALSE
	EndGlobalSection
	GlobalSection(ExtensibilityGlobals) = postSolution
		SolutionGuid = {4DA59290-479F-47F8-85C4-EFFEF83DFB29}
	EndGlobalSection
EndGlobal
