
Microsoft Visual Studio Solution File, Format Version 12.00
# Visual Studio Version 16
VisualStudioVersion = 16.0.29102.190
MinimumVisualStudioVersion = 10.0.40219.1
Project("{FAE04EC0-301F-11D3-BF4B-00C04F79EFBC}") = "ServerifyA3", "A3ServerTool\ServerifyA3.csproj", "{4A6487D9-10C8-4881-A01D-872ECAF4D817}"
EndProject
Project("{FAE04EC0-301F-11D3-BF4B-00C04F79EFBC}") = "Interchangeable", "Interchangeable\Interchangeable.csproj", "{4E544B4F-A484-400D-ADC0-592236919A81}"
EndProject
Project("{FAE04EC0-301F-11D3-BF4B-00C04F79EFBC}") = "CustomControls", "CustomControls\CustomControls.csproj", "{EB995AE3-01D4-489E-9F5A-425A8CDCAF7A}"
EndProject
Project("{FAE04EC0-301F-11D3-BF4B-00C04F79EFBC}") = "ServerifyA3Tests", "ServerifyA3Tests\ServerifyA3Tests.csproj", "{E0D91641-72EC-487C-B47C-0CF3310DAAF0}"
EndProject
Global
	GlobalSection(SolutionConfigurationPlatforms) = preSolution
		Debug|Any CPU = Debug|Any CPU
		Release|Any CPU = Release|Any CPU
	EndGlobalSection
	GlobalSection(ProjectConfigurationPlatforms) = postSolution
		{4A6487D9-10C8-4881-A01D-872ECAF4D817}.Debug|Any CPU.ActiveCfg = Debug|Any CPU
		{4A6487D9-10C8-4881-A01D-872ECAF4D817}.Debug|Any CPU.Build.0 = Debug|Any CPU
		{4A6487D9-10C8-4881-A01D-872ECAF4D817}.Release|Any CPU.ActiveCfg = Release|Any CPU
		{4A6487D9-10C8-4881-A01D-872ECAF4D817}.Release|Any CPU.Build.0 = Release|Any CPU
		{4E544B4F-A484-400D-ADC0-592236919A81}.Debug|Any CPU.ActiveCfg = Debug|Any CPU
		{4E544B4F-A484-400D-ADC0-592236919A81}.Debug|Any CPU.Build.0 = Debug|Any CPU
		{4E544B4F-A484-400D-ADC0-592236919A81}.Release|Any CPU.ActiveCfg = Release|Any CPU
		{4E544B4F-A484-400D-ADC0-592236919A81}.Release|Any CPU.Build.0 = Release|Any CPU
		{EB995AE3-01D4-489E-9F5A-425A8CDCAF7A}.Debug|Any CPU.ActiveCfg = Debug|Any CPU
		{EB995AE3-01D4-489E-9F5A-425A8CDCAF7A}.Debug|Any CPU.Build.0 = Debug|Any CPU
		{EB995AE3-01D4-489E-9F5A-425A8CDCAF7A}.Release|Any CPU.ActiveCfg = Release|Any CPU
		{EB995AE3-01D4-489E-9F5A-425A8CDCAF7A}.Release|Any CPU.Build.0 = Release|Any CPU
		{E0D91641-72EC-487C-B47C-0CF3310DAAF0}.Debug|Any CPU.ActiveCfg = Debug|Any CPU
		{E0D91641-72EC-487C-B47C-0CF3310DAAF0}.Debug|Any CPU.Build.0 = Debug|Any CPU
		{E0D91641-72EC-487C-B47C-0CF3310DAAF0}.Release|Any CPU.ActiveCfg = Release|Any CPU
		{E0D91641-72EC-487C-B47C-0CF3310DAAF0}.Release|Any CPU.Build.0 = Release|Any CPU
	EndGlobalSection
	GlobalSection(SolutionProperties) = preSolution
		HideSolutionNode = FALSE
	EndGlobalSection
	GlobalSection(ExtensibilityGlobals) = postSolution
		SolutionGuid = {4DA59290-479F-47F8-85C4-EFFEF83DFB29}
	EndGlobalSection
EndGlobal
